Microsoft Visual Studio Solution File, Format Version 12.00
# Visual Studio 15
VisualStudioVersion = 15.0.28010.2003
MinimumVisualStudioVersion = 10.0.40219.1
Project("{2150E333-8FDC-42A3-9474-1A3956D46DE8}") = "MSAzure", "MSAzure", "{CB62B9EF-6B1E-449A-9E0E-8C2E77744D5B}"
EndProject
Project("{FAE04EC0-301F-11D3-BF4B-00C04F79EFBC}") = "OptiSol.MSAzure.Activities", "MSAzure\OptiSol.MSAzure.Activities\OptiSol.MSAzure.Activities.csproj", "{90EAF278-49EA-4A38-A416-3BD29B3A4D16}"
EndProject
Global
	GlobalSection(SolutionConfigurationPlatforms) = preSolution
		Debug|Any CPU = Debug|Any CPU
		Release|Any CPU = Release|Any CPU
	EndGlobalSection
	GlobalSection(ProjectConfigurationPlatforms) = postSolution
		{90EAF278-49EA-4A38-A416-3BD29B3A4D16}.Debug|Any CPU.ActiveCfg = Debug|Any CPU
		{90EAF278-49EA-4A38-A416-3BD29B3A4D16}.Debug|Any CPU.Build.0 = Debug|Any CPU
		{90EAF278-49EA-4A38-A416-3BD29B3A4D16}.Release|Any CPU.ActiveCfg = Release|Any CPU
		{90EAF278-49EA-4A38-A416-3BD29B3A4D16}.Release|Any CPU.Build.0 = Release|Any CPU
	EndGlobalSection
	GlobalSection(SolutionProperties) = preSolution
		HideSolutionNode = FALSE
	EndGlobalSection
	GlobalSection(NestedProjects) = preSolution
		{90EAF278-49EA-4A38-A416-3BD29B3A4D16} = {CB62B9EF-6B1E-449A-9E0E-8C2E77744D5B}
	EndGlobalSection
	GlobalSection(ExtensibilityGlobals) = postSolution
		SolutionGuid = {50D16046-C98F-4F6B-9D3F-06BDE4830EB7}
	EndGlobalSection
EndGlobal
